// !$*UTF8*$!
{
	archiveVersion = 1;
	classes = {
	};
	objectVersion = 50;
	objects = {

/* Begin PBXBuildFile section */
		8B7BA09123EF75F5007740AC /* AppDelegate.swift in Sources */ = {isa = PBXBuildFile; fileRef = 8B7BA09023EF75F5007740AC /* AppDelegate.swift */; };
		8B7BA09323EF75F5007740AC /* SceneDelegate.swift in Sources */ = {isa = PBXBuildFile; fileRef = 8B7BA09223EF75F5007740AC /* SceneDelegate.swift */; };
		8B7BA09523EF75F5007740AC /* ViewController.swift in Sources */ = {isa = PBXBuildFile; fileRef = 8B7BA09423EF75F5007740AC /* ViewController.swift */; };
		8B7BA09823EF75F5007740AC /* Main.storyboard in Resources */ = {isa = PBXBuildFile; fileRef = 8B7BA09623EF75F5007740AC /* Main.storyboard */; };
		8B7BA09A23EF75F7007740AC /* Assets.xcassets in Resources */ = {isa = PBXBuildFile; fileRef = 8B7BA09923EF75F7007740AC /* Assets.xcassets */; };
		8B7BA09D23EF75F7007740AC /* LaunchScreen.storyboard in Resources */ = {isa = PBXBuildFile; fileRef = 8B7BA09B23EF75F7007740AC /* LaunchScreen.storyboard */; };
/* End PBXBuildFile section */

/* Begin PBXFileReference section */
		8B7BA08D23EF75F5007740AC /* imdown.app */ = {isa = PBXFileReference; explicitFileType = wrapper.application; includeInIndex = 0; path = imdown.app; sourceTree = BUILT_PRODUCTS_DIR; };
		8B7BA09023EF75F5007740AC /* AppDelegate.swift */ = {isa = PBXFileReference; lastKnownFileType = sourcecode.swift; path = AppDelegate.swift; sourceTree = "<group>"; };
		8B7BA09223EF75F5007740AC /* SceneDelegate.swift */ = {isa = PBXFileReference; lastKnownFileType = sourcecode.swift; path = SceneDelegate.swift; sourceTree = "<group>"; };
		8B7BA09423EF75F5007740AC /* ViewController.swift */ = {isa = PBXFileReference; lastKnownFileType = sourcecode.swift; path = ViewController.swift; sourceTree = "<group>"; };
		8B7BA09723EF75F5007740AC /* Base */ = {isa = PBXFileReference; lastKnownFileType = file.storyboard; name = Base; path = Base.lproj/Main.storyboard; sourceTree = "<group>"; };
		8B7BA09923EF75F7007740AC /* Assets.xcassets */ = {isa = PBXFileReference; lastKnownFileType = folder.assetcatalog; path = Assets.xcassets; sourceTree = "<group>"; };
		8B7BA09C23EF75F7007740AC /* Base */ = {isa = PBXFileReference; lastKnownFileType = file.storyboard; name = Base; path = Base.lproj/LaunchScreen.storyboard; sourceTree = "<group>"; };
		8B7BA09E23EF75F7007740AC /* Info.plist */ = {isa = PBXFileReference; lastKnownFileType = text.plist.xml; path = Info.plist; sourceTree = "<group>"; };
/* End PBXFileReference section */

/* Begin PBXFrameworksBuildPhase section */
		8B7BA08A23EF75F5007740AC /* Frameworks */ = {
			isa = PBXFrameworksBuildPhase;
			buildActionMask = 2147483647;
			files = (
			);
			runOnlyForDeploymentPostprocessing = 0;
		};
/* End PBXFrameworksBuildPhase section */

/* Begin PBXGroup section */
		8B7BA08423EF75F5007740AC = {
			isa = PBXGroup;
			children = (
				8B7BA08F23EF75F5007740AC /* imdown */,
				8B7BA08E23EF75F5007740AC /* Products */,
			);
			sourceTree = "<group>";
		};
		8B7BA08E23EF75F5007740AC /* Products */ = {
			isa = PBXGroup;
			children = (
				8B7BA08D23EF75F5007740AC /* imdown.app */,
			);
			name = Products;
			sourceTree = "<group>";
		};
		8B7BA08F23EF75F5007740AC /* imdown */ = {
			isa = PBXGroup;
			children = (
				8B7BA09023EF75F5007740AC /* AppDelegate.swift */,
				8B7BA09223EF75F5007740AC /* SceneDelegate.swift */,
				8B7BA09423EF75F5007740AC /* ViewController.swift */,
				8B7BA09623EF75F5007740AC /* Main.storyboard */,
				8B7BA09923EF75F7007740AC /* Assets.xcassets */,
				8B7BA09B23EF75F7007740AC /* LaunchScreen.storyboard */,
				8B7BA09E23EF75F7007740AC /* Info.plist */,
			);
			path = imdown;
			sourceTree = "<group>";
		};
/* End PBXGroup section */

/* Begin PBXNativeTarget section */
		8B7BA08C23EF75F5007740AC /* imdown */ = {
			isa = PBXNativeTarget;
			buildConfigurationList = 8B7BA0A123EF75F7007740AC /* Build configuration list for PBXNativeTarget "imdown" */;
			buildPhases = (
				8B7BA08923EF75F5007740AC /* Sources */,
				8B7BA08A23EF75F5007740AC /* Frameworks */,
				8B7BA08B23EF75F5007740AC /* Resources */,
			);
			buildRules = (
			);
			dependencies = (
			);
			name = imdown;
			productName = imdown;
			productReference = 8B7BA08D23EF75F5007740AC /* imdown.app */;
			productType = "com.apple.product-type.application";
		};
/* End PBXNativeTarget section */

/* Begin PBXProject section */
		8B7BA08523EF75F5007740AC /* Project object */ = {
			isa = PBXProject;
			attributes = {
				LastSwiftUpdateCheck = 1130;
				LastUpgradeCheck = 1130;
				ORGANIZATIONNAME = Developer;
				TargetAttributes = {
					8B7BA08C23EF75F5007740AC = {
						CreatedOnToolsVersion = 11.3.1;
					};
				};
			};
			buildConfigurationList = 8B7BA08823EF75F5007740AC /* Build configuration list for PBXProject "imdown" */;
			compatibilityVersion = "Xcode 9.3";
			developmentRegion = en;
			hasScannedForEncodings = 0;
			knownRegions = (
				en,
				Base,
			);
			mainGroup = 8B7BA08423EF75F5007740AC;
			productRefGroup = 8B7BA08E23EF75F5007740AC /* Products */;
			projectDirPath = "";
			projectRoot = "";
			targets = (
				8B7BA08C23EF75F5007740AC /* imdown */,
			);
		};
/* End PBXProject section */

/* Begin PBXResourcesBuildPhase section */
		8B7BA08B23EF75F5007740AC /* Resources */ = {
			isa = PBXResourcesBuildPhase;
			buildActionMask = 2147483647;
			files = (
				8B7BA09D23EF75F7007740AC /* LaunchScreen.storyboard in Resources */,
				8B7BA09A23EF75F7007740AC /* Assets.xcassets in Resources */,
				8B7BA09823EF75F5007740AC /* Main.storyboard in Resources */,
			);
			runOnlyForDeploymentPostprocessing = 0;
		};
/* End PBXResourcesBuildPhase section */

/* Begin PBXSourcesBuildPhase section */
		8B7BA08923EF75F5007740AC /* Sources */ = {
			isa = PBXSourcesBuildPhase;
			buildActionMask = 2147483647;
			files = (
				8B7BA09523EF75F5007740AC /* ViewController.swift in Sources */,
				8B7BA09123EF75F5007740AC /* AppDelegate.swift in Sources */,
				8B7BA09323EF75F5007740AC /* SceneDelegate.swift in Sources */,
			);
			runOnlyForDeploymentPostprocessing = 0;
		};
/* End PBXSourcesBuildPhase section */

/* Begin PBXVariantGroup section */
		8B7BA09623EF75F5007740AC /* Main.storyboard */ = {
			isa = PBXVariantGroup;
			children = (
				8B7BA09723EF75F5007740AC /* Base */,
			);
			name = Main.storyboard;
			sourceTree = "<group>";
		};
		8B7BA09B23EF75F7007740AC /* LaunchScreen.storyboard */ = {
			isa = PBXVariantGroup;
			children = (
				8B7BA09C23EF75F7007740AC /* Base */,
			);
			name = LaunchScreen.storyboard;
			sourceTree = "<group>";
		};
/* End PBXVariantGroup section */

/* Begin XCBuildConfiguration section */
		8B7BA09F23EF75F7007740AC /* Debug */ = {
			isa = XCBuildConfiguration;
			buildSettings = {
				ALWAYS_SEARCH_USER_PATHS = NO;
				CLANG_ANALYZER_NONNULL = YES;
				CLANG_ANALYZER_NUMBER_OBJECT_CONVERSION = YES_AGGRESSIVE;
				CLANG_CXX_LANGUAGE_STANDARD = "gnu++14";
				CLANG_CXX_LIBRARY = "libc++";
				CLANG_ENABLE_MODULES = YES;
				CLANG_ENABLE_OBJC_ARC = YES;
				CLANG_ENABLE_OBJC_WEAK = YES;
				CLANG_WARN_BLOCK_CAPTURE_AUTORELEASING = YES;
				CLANG_WARN_BOOL_CONVERSION = YES;
				CLANG_WARN_COMMA = YES;
				CLANG_WARN_CONSTANT_CONVERSION = YES;
				CLANG_WARN_DEPRECATED_OBJC_IMPLEMENTATIONS = YES;
				CLANG_WARN_DIRECT_OBJC_ISA_USAGE = YES_ERROR;
				CLANG_WARN_DOCUMENTATION_COMMENTS = YES;
				CLANG_WARN_EMPTY_BODY = YES;
				CLANG_WARN_ENUM_CONVERSION = YES;
				CLANG_WARN_INFINITE_RECURSION = YES;
				CLANG_WARN_INT_CONVERSION = YES;
				CLANG_WARN_NON_LITERAL_NULL_CONVERSION = YES;
				CLANG_WARN_OBJC_IMPLICIT_RETAIN_SELF = YES;
				CLANG_WARN_OBJC_LITERAL_CONVERSION = YES;
				CLANG_WARN_OBJC_ROOT_CLASS = YES_ERROR;
				CLANG_WARN_RANGE_LOOP_ANALYSIS = YES;
				CLANG_WARN_STRICT_PROTOTYPES = YES;
				CLANG_WARN_SUSPICIOUS_MOVE = YES;
				CLANG_WARN_UNGUARDED_AVAILABILITY = YES_AGGRESSIVE;
				CLANG_WARN_UNREACHABLE_CODE = YES;
				CLANG_WARN__DUPLICATE_METHOD_MATCH = YES;
				COPY_PHASE_STRIP = NO;
				DEBUG_INFORMATION_FORMAT = dwarf;
				ENABLE_STRICT_OBJC_MSGSEND = YES;
				ENABLE_TESTABILITY = YES;
				GCC_C_LANGUAGE_STANDARD = gnu11;
				GCC_DYNAMIC_NO_PIC = NO;
				GCC_NO_COMMON_BLOCKS = YES;
				GCC_OPTIMIZATION_LEVEL = 0;
				GCC_PREPROCESSOR_DEFINITIONS = (
					"DEBUG=1",
					"$(inherited)",
				);
				GCC_WARN_64_TO_32_BIT_CONVERSION = YES;
				GCC_WARN_ABOUT_RETURN_TYPE = YES_ERROR;
				GCC_WARN_UNDECLARED_SELECTOR = YES;
				GCC_WARN_UNINITIALIZED_AUTOS = YES_AGGRESSIVE;
				GCC_WARN_UNUSED_FUNCTION = YES;
				GCC_WARN_UNUSED_VARIABLE = YES;
				IPHONEOS_DEPLOYMENT_TARGET = 13.2;
				MTL_ENABLE_DEBUG_INFO = INCLUDE_SOURCE;
				MTL_FAST_MATH = YES;
				ONLY_ACTIVE_ARCH = YES;
				SDKROOT = iphoneos;
				SWIFT_ACTIVE_COMPILATION_CONDITIONS = DEBUG;
				SWIFT_OPTIMIZATION_LEVEL = "-Onone";
			};
			name = Debug;
		};
		8B7BA0A023EF75F7007740AC /* Release */ = {
			isa = XCBuildConfiguration;
			buildSettings = {
				ALWAYS_SEARCH_USER_PATHS = NO;
				CLANG_ANALYZER_NONNULL = YES;
				CLANG_ANALYZER_NUMBER_OBJECT_CONVERSION = YES_AGGRESSIVE;
				CLANG_CXX_LANGUAGE_STANDARD = "gnu++14";
				CLANG_CXX_LIBRARY = "libc++";
				CLANG_ENABLE_MODULES = YES;
				CLANG_ENABLE_OBJC_ARC = YES;
				CLANG_ENABLE_OBJC_WEAK = YES;
				CLANG_WARN_BLOCK_CAPTURE_AUTORELEASING = YES;
				CLANG_WARN_BOOL_CONVERSION = YES;
				CLANG_WARN_COMMA = YES;
				CLANG_WARN_CONSTANT_CONVERSION = YES;
				CLANG_WARN_DEPRECATED_OBJC_IMPLEMENTATIONS = YES;
				CLANG_WARN_DIRECT_OBJC_ISA_USAGE = YES_ERROR;
				CLANG_WARN_DOCUMENTATION_COMMENTS = YES;
				CLANG_WARN_EMPTY_BODY = YES;
				CLANG_WARN_ENUM_CONVERSION = YES;
				CLANG_WARN_INFINITE_RECURSION = YES;
				CLANG_WARN_INT_CONVERSION = YES;
				CLANG_WARN_NON_LITERAL_NULL_CONVERSION = YES;
				CLANG_WARN_OBJC_IMPLICIT_RETAIN_SELF = YES;
				CLANG_WARN_OBJC_LITERAL_CONVERSION = YES;
				CLANG_WARN_OBJC_ROOT_CLASS = YES_ERROR;
				CLANG_WARN_RANGE_LOOP_ANALYSIS = YES;
				CLANG_WARN_STRICT_PROTOTYPES = YES;
				CLANG_WARN_SUSPICIOUS_MOVE = YES;
				CLANG_WARN_UNGUARDED_AVAILABILITY = YES_AGGRESSIVE;
				CLANG_WARN_UNREACHABLE_CODE = YES;
				CLANG_WARN__DUPLICATE_METHOD_MATCH = YES;
				COPY_PHASE_STRIP = NO;
				DEBUG_INFORMATION_FORMAT = "dwarf-with-dsym";
				ENABLE_NS_ASSERTIONS = NO;
				ENABLE_STRICT_OBJC_MSGSEND = YES;
				GCC_C_LANGUAGE_STANDARD = gnu11;
				GCC_NO_COMMON_BLOCKS = YES;
				GCC_WARN_64_TO_32_BIT_CONVERSION = YES;
				GCC_WARN_ABOUT_RETURN_TYPE = YES_ERROR;
				GCC_WARN_UNDECLARED_SELECTOR = YES;
				GCC_WARN_UNINITIALIZED_AUTOS = YES_AGGRESSIVE;
				GCC_WARN_UNUSED_FUNCTION = YES;
				GCC_WARN_UNUSED_VARIABLE = YES;
				IPHONEOS_DEPLOYMENT_TARGET = 13.2;
				MTL_ENABLE_DEBUG_INFO = NO;
				MTL_FAST_MATH = YES;
				SDKROOT = iphoneos;
				SWIFT_COMPILATION_MODE = wholemodule;
				SWIFT_OPTIMIZATION_LEVEL = "-O";
				VALIDATE_PRODUCT = YES;
			};
			name = Release;
		};
		8B7BA0A223EF75F7007740AC /* Debug */ = {
			isa = XCBuildConfiguration;
			buildSettings = {
				ASSETCATALOG_COMPILER_APPICON_NAME = AppIcon;
				CODE_SIGN_STYLE = Automatic;
				DEVELOPMENT_TEAM = 42GHD9BHRK;
				INFOPLIST_FILE = imdown/Info.plist;
				LD_RUNPATH_SEARCH_PATHS = (
					"$(inherited)",
					"@executable_path/Frameworks",
				);
				PRODUCT_BUNDLE_IDENTIFIER = com.berkeley.imdown;
				PRODUCT_NAME = "$(TARGET_NAME)";
				SWIFT_VERSION = 5.0;
				TARGETED_DEVICE_FAMILY = "1,2";
			};
			name = Debug;
		};
		8B7BA0A323EF75F7007740AC /* Release */ = {
			isa = XCBuildConfiguration;
			buildSettings = {
				ASSETCATALOG_COMPILER_APPICON_NAME = AppIcon;
				CODE_SIGN_STYLE = Automatic;
				DEVELOPMENT_TEAM = 42GHD9BHRK;
				INFOPLIST_FILE = imdown/Info.plist;
				LD_RUNPATH_SEARCH_PATHS = (
					"$(inherited)",
					"@executable_path/Frameworks",
				);
				PRODUCT_BUNDLE_IDENTIFIER = com.berkeley.imdown;
				PRODUCT_NAME = "$(TARGET_NAME)";
				SWIFT_VERSION = 5.0;
				TARGETED_DEVICE_FAMILY = "1,2";
			};
			name = Release;
		};
/* End XCBuildConfiguration section */

/* Begin XCConfigurationList section */
		8B7BA08823EF75F5007740AC /* Build configuration list for PBXProject "imdown" */ = {
			isa = XCConfigurationList;
			buildConfigurations = (
				8B7BA09F23EF75F7007740AC /* Debug */,
				8B7BA0A023EF75F7007740AC /* Release */,
			);
			defaultConfigurationIsVisible = 0;
			defaultConfigurationName = Release;
		};
		8B7BA0A123EF75F7007740AC /* Build configuration list for PBXNativeTarget "imdown" */ = {
			isa = XCConfigurationList;
			buildConfigurations = (
				8B7BA0A223EF75F7007740AC /* Debug */,
				8B7BA0A323EF75F7007740AC /* Release */,
			);
			defaultConfigurationIsVisible = 0;
			defaultConfigurationName = Release;
		};
/* End XCConfigurationList section */
	};
	rootObject = 8B7BA08523EF75F5007740AC /* Project object */;
}
